// !$*UTF8*$!
{
	archiveVersion = 1;
	classes = {
	};
	objectVersion = 46;
	objects = {

/* Begin PBXBuildFile section */
		905900F71B2DBAA000E7F675 /* AppDelegate.swift in Sources */ = {isa = PBXBuildFile; fileRef = 905900F61B2DBAA000E7F675 /* AppDelegate.swift */; };
		905900F91B2DBAA000E7F675 /* ViewController.swift in Sources */ = {isa = PBXBuildFile; fileRef = 905900F81B2DBAA000E7F675 /* ViewController.swift */; };
		905900FC1B2DBAA000E7F675 /* Main.storyboard in Resources */ = {isa = PBXBuildFile; fileRef = 905900FA1B2DBAA000E7F675 /* Main.storyboard */; };
		905900FE1B2DBAA100E7F675 /* Images.xcassets in Resources */ = {isa = PBXBuildFile; fileRef = 905900FD1B2DBAA100E7F675 /* Images.xcassets */; };
		905901011B2DBAA100E7F675 /* LaunchScreen.xib in Resources */ = {isa = PBXBuildFile; fileRef = 905900FF1B2DBAA100E7F675 /* LaunchScreen.xib */; };
		9059010D1B2DBAA100E7F675 /* doubanFMTests.swift in Sources */ = {isa = PBXBuildFile; fileRef = 9059010C1B2DBAA100E7F675 /* doubanFMTests.swift */; };
		905901171B2DBC4800E7F675 /* ChannelController.swift in Sources */ = {isa = PBXBuildFile; fileRef = 905901161B2DBC4800E7F675 /* ChannelController.swift */; };
		90BB86001B305D3000BE90EB /* HttpController.swift in Sources */ = {isa = PBXBuildFile; fileRef = 90BB85FF1B305D3000BE90EB /* HttpController.swift */; };
/* End PBXBuildFile section */

/* Begin PBXContainerItemProxy section */
		905901071B2DBAA100E7F675 /* PBXContainerItemProxy */ = {
			isa = PBXContainerItemProxy;
			containerPortal = 905900E91B2DBAA000E7F675 /* Project object */;
			proxyType = 1;
			remoteGlobalIDString = 905900F01B2DBAA000E7F675;
			remoteInfo = doubanFM;
		};
/* End PBXContainerItemProxy section */

/* Begin PBXFileReference section */
		905900F11B2DBAA000E7F675 /* doubanFM.app */ = {isa = PBXFileReference; explicitFileType = wrapper.application; includeInIndex = 0; path = doubanFM.app; sourceTree = BUILT_PRODUCTS_DIR; };
		905900F51B2DBAA000E7F675 /* Info.plist */ = {isa = PBXFileReference; lastKnownFileType = text.plist.xml; path = Info.plist; sourceTree = "<group>"; };
		905900F61B2DBAA000E7F675 /* AppDelegate.swift */ = {isa = PBXFileReference; lastKnownFileType = sourcecode.swift; path = AppDelegate.swift; sourceTree = "<group>"; };
		905900F81B2DBAA000E7F675 /* ViewController.swift */ = {isa = PBXFileReference; lastKnownFileType = sourcecode.swift; path = ViewController.swift; sourceTree = "<group>"; };
		905900FB1B2DBAA000E7F675 /* Base */ = {isa = PBXFileReference; lastKnownFileType = file.storyboard; name = Base; path = Base.lproj/Main.storyboard; sourceTree = "<group>"; };
		905900FD1B2DBAA100E7F675 /* Images.xcassets */ = {isa = PBXFileReference; lastKnownFileType = folder.assetcatalog; path = Images.xcassets; sourceTree = "<group>"; };
		905901001B2DBAA100E7F675 /* Base */ = {isa = PBXFileReference; lastKnownFileType = file.xib; name = Base; path = Base.lproj/LaunchScreen.xib; sourceTree = "<group>"; };
		905901061B2DBAA100E7F675 /* doubanFMTests.xctest */ = {isa = PBXFileReference; explicitFileType = wrapper.cfbundle; includeInIndex = 0; path = doubanFMTests.xctest; sourceTree = BUILT_PRODUCTS_DIR; };
		9059010B1B2DBAA100E7F675 /* Info.plist */ = {isa = PBXFileReference; lastKnownFileType = text.plist.xml; path = Info.plist; sourceTree = "<group>"; };
		9059010C1B2DBAA100E7F675 /* doubanFMTests.swift */ = {isa = PBXFileReference; lastKnownFileType = sourcecode.swift; path = doubanFMTests.swift; sourceTree = "<group>"; };
		905901161B2DBC4800E7F675 /* ChannelController.swift */ = {isa = PBXFileReference; fileEncoding = 4; lastKnownFileType = sourcecode.swift; path = ChannelController.swift; sourceTree = "<group>"; };
		90BB85FF1B305D3000BE90EB /* HttpController.swift */ = {isa = PBXFileReference; fileEncoding = 4; lastKnownFileType = sourcecode.swift; path = HttpController.swift; sourceTree = "<group>"; };
/* End PBXFileReference section */

/* Begin PBXFrameworksBuildPhase section */
		905900EE1B2DBAA000E7F675 /* Frameworks */ = {
			isa = PBXFrameworksBuildPhase;
			buildActionMask = 2147483647;
			files = (
			);
			runOnlyForDeploymentPostprocessing = 0;
		};
		905901031B2DBAA100E7F675 /* Frameworks */ = {
			isa = PBXFrameworksBuildPhase;
			buildActionMask = 2147483647;
			files = (
			);
			runOnlyForDeploymentPostprocessing = 0;
		};
/* End PBXFrameworksBuildPhase section */

/* Begin PBXGroup section */
		905900E81B2DBAA000E7F675 = {
			isa = PBXGroup;
			children = (
				905900F31B2DBAA000E7F675 /* doubanFM */,
				905901091B2DBAA100E7F675 /* doubanFMTests */,
				905900F21B2DBAA000E7F675 /* Products */,
			);
			sourceTree = "<group>";
		};
		905900F21B2DBAA000E7F675 /* Products */ = {
			isa = PBXGroup;
			children = (
				905900F11B2DBAA000E7F675 /* doubanFM.app */,
				905901061B2DBAA100E7F675 /* doubanFMTests.xctest */,
			);
			name = Products;
			sourceTree = "<group>";
		};
		905900F31B2DBAA000E7F675 /* doubanFM */ = {
			isa = PBXGroup;
			children = (
				905900F61B2DBAA000E7F675 /* AppDelegate.swift */,
				905900F81B2DBAA000E7F675 /* ViewController.swift */,
				905900FA1B2DBAA000E7F675 /* Main.storyboard */,
				905900FD1B2DBAA100E7F675 /* Images.xcassets */,
				905900FF1B2DBAA100E7F675 /* LaunchScreen.xib */,
				905900F41B2DBAA000E7F675 /* Supporting Files */,
				905901161B2DBC4800E7F675 /* ChannelController.swift */,
				90BB85FF1B305D3000BE90EB /* HttpController.swift */,
			);
			path = doubanFM;
			sourceTree = "<group>";
		};
		905900F41B2DBAA000E7F675 /* Supporting Files */ = {
			isa = PBXGroup;
			children = (
				905900F51B2DBAA000E7F675 /* Info.plist */,
			);
			name = "Supporting Files";
			sourceTree = "<group>";
		};
		905901091B2DBAA100E7F675 /* doubanFMTests */ = {
			isa = PBXGroup;
			children = (
				9059010C1B2DBAA100E7F675 /* doubanFMTests.swift */,
				9059010A1B2DBAA100E7F675 /* Supporting Files */,
			);
			path = doubanFMTests;
			sourceTree = "<group>";
		};
		9059010A1B2DBAA100E7F675 /* Supporting Files */ = {
			isa = PBXGroup;
			children = (
				9059010B1B2DBAA100E7F675 /* Info.plist */,
			);
			name = "Supporting Files";
			sourceTree = "<group>";
		};
/* End PBXGroup section */

/* Begin PBXNativeTarget section */
		905900F01B2DBAA000E7F675 /* doubanFM */ = {
			isa = PBXNativeTarget;
			buildConfigurationList = 905901101B2DBAA100E7F675 /* Build configuration list for PBXNativeTarget "doubanFM" */;
			buildPhases = (
				905900ED1B2DBAA000E7F675 /* Sources */,
				905900EE1B2DBAA000E7F675 /* Frameworks */,
				905900EF1B2DBAA000E7F675 /* Resources */,
			);
			buildRules = (
			);
			dependencies = (
			);
			name = doubanFM;
			productName = doubanFM;
			productReference = 905900F11B2DBAA000E7F675 /* doubanFM.app */;
			productType = "com.apple.product-type.application";
		};
		905901051B2DBAA100E7F675 /* doubanFMTests */ = {
			isa = PBXNativeTarget;
			buildConfigurationList = 905901131B2DBAA100E7F675 /* Build configuration list for PBXNativeTarget "doubanFMTests" */;
			buildPhases = (
				905901021B2DBAA100E7F675 /* Sources */,
				905901031B2DBAA100E7F675 /* Frameworks */,
				905901041B2DBAA100E7F675 /* Resources */,
			);
			buildRules = (
			);
			dependencies = (
				905901081B2DBAA100E7F675 /* PBXTargetDependency */,
			);
			name = doubanFMTests;
			productName = doubanFMTests;
			productReference = 905901061B2DBAA100E7F675 /* doubanFMTests.xctest */;
			productType = "com.apple.product-type.bundle.unit-test";
		};
/* End PBXNativeTarget section */

/* Begin PBXProject section */
		905900E91B2DBAA000E7F675 /* Project object */ = {
			isa = PBXProject;
			attributes = {
				LastUpgradeCheck = 0630;
				ORGANIZATIONNAME = Anhedonia;
				TargetAttributes = {
					905900F01B2DBAA000E7F675 = {
						CreatedOnToolsVersion = 6.3.1;
					};
					905901051B2DBAA100E7F675 = {
						CreatedOnToolsVersion = 6.3.1;
						TestTargetID = 905900F01B2DBAA000E7F675;
					};
				};
			};
			buildConfigurationList = 905900EC1B2DBAA000E7F675 /* Build configuration list for PBXProject "doubanFM" */;
			compatibilityVersion = "Xcode 3.2";
			developmentRegion = English;
			hasScannedForEncodings = 0;
			knownRegions = (
				en,
				Base,
			);
			mainGroup = 905900E81B2DBAA000E7F675;
			productRefGroup = 905900F21B2DBAA000E7F675 /* Products */;
			projectDirPath = "";
			projectRoot = "";
			targets = (
				905900F01B2DBAA000E7F675 /* doubanFM */,
				905901051B2DBAA100E7F675 /* doubanFMTests */,
			);
		};
/* End PBXProject section */

/* Begin PBXResourcesBuildPhase section */
		905900EF1B2DBAA000E7F675 /* Resources */ = {
			isa = PBXResourcesBuildPhase;
			buildActionMask = 2147483647;
			files = (
				905900FC1B2DBAA000E7F675 /* Main.storyboard in Resources */,
				905901011B2DBAA100E7F675 /* LaunchScreen.xib in Resources */,
				905900FE1B2DBAA100E7F675 /* Images.xcassets in Resources */,
			);
			runOnlyForDeploymentPostprocessing = 0;
		};
		905901041B2DBAA100E7F675 /* Resources */ = {
			isa = PBXResourcesBuildPhase;
			buildActionMask = 2147483647;
			files = (
			);
			runOnlyForDeploymentPostprocessing = 0;
		};
/* End PBXResourcesBuildPhase section */

/* Begin PBXSourcesBuildPhase section */
		905900ED1B2DBAA000E7F675 /* Sources */ = {
			isa = PBXSourcesBuildPhase;
			buildActionMask = 2147483647;
			files = (
				905900F91B2DBAA000E7F675 /* ViewController.swift in Sources */,
				905900F71B2DBAA000E7F675 /* AppDelegate.swift in Sources */,
				905901171B2DBC4800E7F675 /* ChannelController.swift in Sources */,
				90BB86001B305D3000BE90EB /* HttpController.swift in Sources */,
			);
			runOnlyForDeploymentPostprocessing = 0;
		};
		905901021B2DBAA100E7F675 /* Sources */ = {
			isa = PBXSourcesBuildPhase;
			buildActionMask = 2147483647;
			files = (
				9059010D1B2DBAA100E7F675 /* doubanFMTests.swift in Sources */,
			);
			runOnlyForDeploymentPostprocessing = 0;
		};
/* End PBXSourcesBuildPhase section */

/* Begin PBXTargetDependency section */
		905901081B2DBAA100E7F675 /* PBXTargetDependency */ = {
			isa = PBXTargetDependency;
			target = 905900F01B2DBAA000E7F675 /* doubanFM */;
			targetProxy = 905901071B2DBAA100E7F675 /* PBXContainerItemProxy */;
		};
/* End PBXTargetDependency section */

/* Begin PBXVariantGroup section */
		905900FA1B2DBAA000E7F675 /* Main.storyboard */ = {
			isa = PBXVariantGroup;
			children = (
				905900FB1B2DBAA000E7F675 /* Base */,
			);
			name = Main.storyboard;
			sourceTree = "<group>";
		};
		905900FF1B2DBAA100E7F675 /* LaunchScreen.xib */ = {
			isa = PBXVariantGroup;
			children = (
				905901001B2DBAA100E7F675 /* Base */,
			);
			name = LaunchScreen.xib;
			sourceTree = "<group>";
		};
/* End PBXVariantGroup section */

/* Begin XCBuildConfiguration section */
		9059010E1B2DBAA100E7F675 /* Debug */ = {
			isa = XCBuildConfiguration;
			buildSettings = {
				ALWAYS_SEARCH_USER_PATHS = NO;
				CLANG_CXX_LANGUAGE_STANDARD = "gnu++0x";
				CLANG_CXX_LIBRARY = "libc++";
				CLANG_ENABLE_MODULES = YES;
				CLANG_ENABLE_OBJC_ARC = YES;
				CLANG_WARN_BOOL_CONVERSION = YES;
				CLANG_WARN_CONSTANT_CONVERSION = YES;
				CLANG_WARN_DIRECT_OBJC_ISA_USAGE = YES_ERROR;
				CLANG_WARN_EMPTY_BODY = YES;
				CLANG_WARN_ENUM_CONVERSION = YES;
				CLANG_WARN_INT_CONVERSION = YES;
				CLANG_WARN_OBJC_ROOT_CLASS = YES_ERROR;
				CLANG_WARN_UNREACHABLE_CODE = YES;
				CLANG_WARN__DUPLICATE_METHOD_MATCH = YES;
				"CODE_SIGN_IDENTITY[sdk=iphoneos*]" = "iPhone Developer";
				COPY_PHASE_STRIP = NO;
				DEBUG_INFORMATION_FORMAT = "dwarf-with-dsym";
				ENABLE_STRICT_OBJC_MSGSEND = YES;
				GCC_C_LANGUAGE_STANDARD = gnu99;
				GCC_DYNAMIC_NO_PIC = NO;
				GCC_NO_COMMON_BLOCKS = YES;
				GCC_OPTIMIZATION_LEVEL = 0;
				GCC_PREPROCESSOR_DEFINITIONS = (
					"DEBUG=1",
					"$(inherited)",
				);
				GCC_SYMBOLS_PRIVATE_EXTERN = NO;
				GCC_WARN_64_TO_32_BIT_CONVERSION = YES;
				GCC_WARN_ABOUT_RETURN_TYPE = YES_ERROR;
				GCC_WARN_UNDECLARED_SELECTOR = YES;
				GCC_WARN_UNINITIALIZED_AUTOS = YES_AGGRESSIVE;
				GCC_WARN_UNUSED_FUNCTION = YES;
				GCC_WARN_UNUSED_VARIABLE = YES;
				IPHONEOS_DEPLOYMENT_TARGET = 8.3;
				MTL_ENABLE_DEBUG_INFO = YES;
				ONLY_ACTIVE_ARCH = YES;
				SDKROOT = iphoneos;
				SWIFT_OPTIMIZATION_LEVEL = "-Onone";
			};
			name = Debug;
		};
		9059010F1B2DBAA100E7F675 /* Release */ = {
			isa = XCBuildConfiguration;
			buildSettings = {
				ALWAYS_SEARCH_USER_PATHS = NO;
				CLANG_CXX_LANGUAGE_STANDARD = "gnu++0x";
				CLANG_CXX_LIBRARY = "libc++";
				CLANG_ENABLE_MODULES = YES;
				CLANG_ENABLE_OBJC_ARC = YES;
				CLANG_WARN_BOOL_CONVERSION = YES;
				CLANG_WARN_CONSTANT_CONVERSION = YES;
				CLANG_WARN_DIRECT_OBJC_ISA_USAGE = YES_ERROR;
				CLANG_WARN_EMPTY_BODY = YES;
				CLANG_WARN_ENUM_CONVERSION = YES;
				CLANG_WARN_INT_CONVERSION = YES;
				CLANG_WARN_OBJC_ROOT_CLASS = YES_ERROR;
				CLANG_WARN_UNREACHABLE_CODE = YES;
				CLANG_WARN__DUPLICATE_METHOD_MATCH = YES;
				"CODE_SIGN_IDENTITY[sdk=iphoneos*]" = "iPhone Developer";
				COPY_PHASE_STRIP = NO;
				DEBUG_INFORMATION_FORMAT = "dwarf-with-dsym";
				ENABLE_NS_ASSERTIONS = NO;
				ENABLE_STRICT_OBJC_MSGSEND = YES;
				GCC_C_LANGUAGE_STANDARD = gnu99;
				GCC_NO_COMMON_BLOCKS = YES;
				GCC_WARN_64_TO_32_BIT_CONVERSION = YES;
				GCC_WARN_ABOUT_RETURN_TYPE = YES_ERROR;
				GCC_WARN_UNDECLARED_SELECTOR = YES;
				GCC_WARN_UNINITIALIZED_AUTOS = YES_AGGRESSIVE;
				GCC_WARN_UNUSED_FUNCTION = YES;
				GCC_WARN_UNUSED_VARIABLE = YES;
				IPHONEOS_DEPLOYMENT_TARGET = 8.3;
				MTL_ENABLE_DEBUG_INFO = NO;
				SDKROOT = iphoneos;
				VALIDATE_PRODUCT = YES;
			};
			name = Release;
		};
		905901111B2DBAA100E7F675 /* Debug */ = {
			isa = XCBuildConfiguration;
			buildSettings = {
				ASSETCATALOG_COMPILER_APPICON_NAME = AppIcon;
				INFOPLIST_FILE = doubanFM/Info.plist;
				LD_RUNPATH_SEARCH_PATHS = "$(inherited) @executable_path/Frameworks";
				PRODUCT_NAME = "$(TARGET_NAME)";
			};
			name = Debug;
		};
		905901121B2DBAA100E7F675 /* Release */ = {
			isa = XCBuildConfiguration;
			buildSettings = {
				ASSETCATALOG_COMPILER_APPICON_NAME = AppIcon;
				INFOPLIST_FILE = doubanFM/Info.plist;
				LD_RUNPATH_SEARCH_PATHS = "$(inherited) @executable_path/Frameworks";
				PRODUCT_NAME = "$(TARGET_NAME)";
			};
			name = Release;
		};
		905901141B2DBAA100E7F675 /* Debug */ = {
			isa = XCBuildConfiguration;
			buildSettings = {
				BUNDLE_LOADER = "$(TEST_HOST)";
				FRAMEWORK_SEARCH_PATHS = (
					"$(SDKROOT)/Developer/Library/Frameworks",
					"$(inherited)",
				);
				GCC_PREPROCESSOR_DEFINITIONS = (
					"DEBUG=1",
					"$(inherited)",
				);
				INFOPLIST_FILE = doubanFMTests/Info.plist;
				LD_RUNPATH_SEARCH_PATHS = "$(inherited) @executable_path/Frameworks @loader_path/Frameworks";
				PRODUCT_NAME = "$(TARGET_NAME)";
				TEST_HOST = "$(BUILT_PRODUCTS_DIR)/doubanFM.app/doubanFM";
			};
			name = Debug;
		};
		905901151B2DBAA100E7F675 /* Release */ = {
			isa = XCBuildConfiguration;
			buildSettings = {
				BUNDLE_LOADER = "$(TEST_HOST)";
				FRAMEWORK_SEARCH_PATHS = (
					"$(SDKROOT)/Developer/Library/Frameworks",
					"$(inherited)",
				);
				INFOPLIST_FILE = doubanFMTests/Info.plist;
				LD_RUNPATH_SEARCH_PATHS = "$(inherited) @executable_path/Frameworks @loader_path/Frameworks";
				PRODUCT_NAME = "$(TARGET_NAME)";
				TEST_HOST = "$(BUILT_PRODUCTS_DIR)/doubanFM.app/doubanFM";
			};
			name = Release;
		};
/* End XCBuildConfiguration section */

/* Begin XCConfigurationList section */
		905900EC1B2DBAA000E7F675 /* Build configuration list for PBXProject "doubanFM" */ = {
			isa = XCConfigurationList;
			buildConfigurations = (
				9059010E1B2DBAA100E7F675 /* Debug */,
				9059010F1B2DBAA100E7F675 /* Release */,
			);
			defaultConfigurationIsVisible = 0;
			defaultConfigurationName = Release;
		};
		905901101B2DBAA100E7F675 /* Build configuration list for PBXNativeTarget "doubanFM" */ = {
			isa = XCConfigurationList;
			buildConfigurations = (
				905901111B2DBAA100E7F675 /* Debug */,
				905901121B2DBAA100E7F675 /* Release */,
			);
			defaultConfigurationIsVisible = 0;
			defaultConfigurationName = Release;
		};
		905901131B2DBAA100E7F675 /* Build configuration list for PBXNativeTarget "doubanFMTests" */ = {
			isa = XCConfigurationList;
			buildConfigurations = (
				905901141B2DBAA100E7F675 /* Debug */,
				905901151B2DBAA100E7F675 /* Release */,
			);
			defaultConfigurationIsVisible = 0;
			defaultConfigurationName = Release;
		};
/* End XCConfigurationList section */
	};
	rootObject = 905900E91B2DBAA000E7F675 /* Project object */;
}
